
Microsoft Visual Studio Solution File, Format Version 12.00
# Visual Studio Version 16
VisualStudioVersion = 16.0.31019.35
MinimumVisualStudioVersion = 10.0.40219.1
Project("{FAE04EC0-301F-11D3-BF4B-00C04F79EFBC}") = "ShowMeTheCode", "ShowMeTheCode\ShowMeTheCode.csproj", "{ED53B01A-E1AB-4EA3-B88C-6E31348C2B45}"
EndProject
Global
	GlobalSection(SolutionConfigurationPlatforms) = preSolution
		Debug|Any CPU = Debug|Any CPU
		Release|Any CPU = Release|Any CPU
	EndGlobalSection
	GlobalSection(ProjectConfigurationPlatforms) = postSolution
		{ED53B01A-E1AB-4EA3-B88C-6E31348C2B45}.Debug|Any CPU.ActiveCfg = Debug|Any CPU
		{ED53B01A-E1AB-4EA3-B88C-6E31348C2B45}.Debug|Any CPU.Build.0 = Debug|Any CPU
		{ED53B01A-E1AB-4EA3-B88C-6E31348C2B45}.Release|Any CPU.ActiveCfg = Release|Any CPU
		{ED53B01A-E1AB-4EA3-B88C-6E31348C2B45}.Release|Any CPU.Build.0 = Release|Any CPU
	EndGlobalSection
	GlobalSection(SolutionProperties) = preSolution
		HideSolutionNode = FALSE
	EndGlobalSection
	GlobalSection(ExtensibilityGlobals) = postSolution
		SolutionGuid = {2C1AEAEE-2020-4355-A493-13F2832F7EA9}
	EndGlobalSection
EndGlobal
